// !$*UTF8*$!
{
	archiveVersion = 1;
	classes = {
	};
	objectVersion = 56;
	objects = {

/* Begin PBXBuildFile section */
		2D2BAC4E2957FFA900749520 /* AutoInvalidatingLayout.swift in Sources */ = {isa = PBXBuildFile; fileRef = 2D2BAC4D2957FFA900749520 /* AutoInvalidatingLayout.swift */; };
		2D2BAC502958786A00749520 /* PaymentStore.swift in Sources */ = {isa = PBXBuildFile; fileRef = 2D2BAC4F2958786A00749520 /* PaymentStore.swift */; };
		2DBE2D76294C7897003C115E /* HomeModel.swift in Sources */ = {isa = PBXBuildFile; fileRef = 2DBE2D75294C7897003C115E /* HomeModel.swift */; };
		2DBE2D78294C79E1003C115E /* HomeViewModel.swift in Sources */ = {isa = PBXBuildFile; fileRef = 2DBE2D77294C79E1003C115E /* HomeViewModel.swift */; };
		2DBE2D7B294C7DF4003C115E /* HomeMockData.swift in Sources */ = {isa = PBXBuildFile; fileRef = 2DBE2D7A294C7DF4003C115E /* HomeMockData.swift */; };
		2DBE2D7E294C8172003C115E /* TotalAmountCell.swift in Sources */ = {isa = PBXBuildFile; fileRef = 2DBE2D7D294C8172003C115E /* TotalAmountCell.swift */; };
		2DBE2D80294C8190003C115E /* MultiplyTransactionCell.swift in Sources */ = {isa = PBXBuildFile; fileRef = 2DBE2D7F294C8190003C115E /* MultiplyTransactionCell.swift */; };
		2DBF8B2F2951905D00A2028C /* Heebo-VariableFont_wght.ttf in Resources */ = {isa = PBXBuildFile; fileRef = 2DBF8B2E2951903100A2028C /* Heebo-VariableFont_wght.ttf */; };
		2DBF8B3729533CBB00A2028C /* Resources.swift in Sources */ = {isa = PBXBuildFile; fileRef = 2DBF8B3629533CBB00A2028C /* Resources.swift */; };
		2DBF8B3B2953505F00A2028C /* TotalAmount.swift in Sources */ = {isa = PBXBuildFile; fileRef = 2DBF8B3A2953505F00A2028C /* TotalAmount.swift */; };
		2DBF8B3D2953508400A2028C /* Payment.swift in Sources */ = {isa = PBXBuildFile; fileRef = 2DBF8B3C2953508400A2028C /* Payment.swift */; };
		2DBF8B3F295429E400A2028C /* CategoryStore.swift in Sources */ = {isa = PBXBuildFile; fileRef = 2DBF8B3E295429E400A2028C /* CategoryStore.swift */; };
		2DBF8B422954491000A2028C /* Category.swift in Sources */ = {isa = PBXBuildFile; fileRef = 2DBF8B412954491000A2028C /* Category.swift */; };
		2DBF8B462954531700A2028C /* TransactionsController.swift in Sources */ = {isa = PBXBuildFile; fileRef = 2DBF8B452954531700A2028C /* TransactionsController.swift */; };
		2DBF8B482954544E00A2028C /* TransactionCell.swift in Sources */ = {isa = PBXBuildFile; fileRef = 2DBF8B472954544E00A2028C /* TransactionCell.swift */; };
		2DD1F9C32947616F00A40A10 /* AppDelegate.swift in Sources */ = {isa = PBXBuildFile; fileRef = 2DD1F9C22947616F00A40A10 /* AppDelegate.swift */; };
		2DD1F9C52947616F00A40A10 /* SceneDelegate.swift in Sources */ = {isa = PBXBuildFile; fileRef = 2DD1F9C42947616F00A40A10 /* SceneDelegate.swift */; };
		2DD1F9C72947616F00A40A10 /* HomeViewController.swift in Sources */ = {isa = PBXBuildFile; fileRef = 2DD1F9C62947616F00A40A10 /* HomeViewController.swift */; };
		2DD1F9CD2947616F00A40A10 /* CoinBliss.xcdatamodeld in Sources */ = {isa = PBXBuildFile; fileRef = 2DD1F9CB2947616F00A40A10 /* CoinBliss.xcdatamodeld */; };
		2DD1F9CF2947617000A40A10 /* Assets.xcassets in Resources */ = {isa = PBXBuildFile; fileRef = 2DD1F9CE2947617000A40A10 /* Assets.xcassets */; };
		2DD1F9D22947617000A40A10 /* LaunchScreen.storyboard in Resources */ = {isa = PBXBuildFile; fileRef = 2DD1F9D02947617000A40A10 /* LaunchScreen.storyboard */; };
		2DD861052959A1ED00582775 /* Transaction.swift in Sources */ = {isa = PBXBuildFile; fileRef = 2DD861042959A1ED00582775 /* Transaction.swift */; };
		2DD861072959B3C200582775 /* UIColor+Extension.swift in Sources */ = {isa = PBXBuildFile; fileRef = 2DD861062959B3C200582775 /* UIColor+Extension.swift */; };
		2DD86109295B415500582775 /* Double+Extension.swift in Sources */ = {isa = PBXBuildFile; fileRef = 2DD86108295B415500582775 /* Double+Extension.swift */; };
/* End PBXBuildFile section */

/* Begin PBXFileReference section */
		2D2BAC4D2957FFA900749520 /* AutoInvalidatingLayout.swift */ = {isa = PBXFileReference; lastKnownFileType = sourcecode.swift; path = AutoInvalidatingLayout.swift; sourceTree = "<group>"; };
		2D2BAC4F2958786A00749520 /* PaymentStore.swift */ = {isa = PBXFileReference; lastKnownFileType = sourcecode.swift; path = PaymentStore.swift; sourceTree = "<group>"; };
		2DBE2D75294C7897003C115E /* HomeModel.swift */ = {isa = PBXFileReference; lastKnownFileType = sourcecode.swift; path = HomeModel.swift; sourceTree = "<group>"; };
		2DBE2D77294C79E1003C115E /* HomeViewModel.swift */ = {isa = PBXFileReference; lastKnownFileType = sourcecode.swift; path = HomeViewModel.swift; sourceTree = "<group>"; };
		2DBE2D7A294C7DF4003C115E /* HomeMockData.swift */ = {isa = PBXFileReference; lastKnownFileType = sourcecode.swift; path = HomeMockData.swift; sourceTree = "<group>"; };
		2DBE2D7D294C8172003C115E /* TotalAmountCell.swift */ = {isa = PBXFileReference; lastKnownFileType = sourcecode.swift; path = TotalAmountCell.swift; sourceTree = "<group>"; };
		2DBE2D7F294C8190003C115E /* MultiplyTransactionCell.swift */ = {isa = PBXFileReference; lastKnownFileType = sourcecode.swift; path = MultiplyTransactionCell.swift; sourceTree = "<group>"; };
		2DBF8B2E2951903100A2028C /* Heebo-VariableFont_wght.ttf */ = {isa = PBXFileReference; lastKnownFileType = file; path = "Heebo-VariableFont_wght.ttf"; sourceTree = "<group>"; };
		2DBF8B3629533CBB00A2028C /* Resources.swift */ = {isa = PBXFileReference; lastKnownFileType = sourcecode.swift; path = Resources.swift; sourceTree = "<group>"; };
		2DBF8B3A2953505F00A2028C /* TotalAmount.swift */ = {isa = PBXFileReference; lastKnownFileType = sourcecode.swift; path = TotalAmount.swift; sourceTree = "<group>"; };
		2DBF8B3C2953508400A2028C /* Payment.swift */ = {isa = PBXFileReference; lastKnownFileType = sourcecode.swift; path = Payment.swift; sourceTree = "<group>"; };
		2DBF8B3E295429E400A2028C /* CategoryStore.swift */ = {isa = PBXFileReference; lastKnownFileType = sourcecode.swift; path = CategoryStore.swift; sourceTree = "<group>"; };
		2DBF8B412954491000A2028C /* Category.swift */ = {isa = PBXFileReference; lastKnownFileType = sourcecode.swift; path = Category.swift; sourceTree = "<group>"; };
		2DBF8B452954531700A2028C /* TransactionsController.swift */ = {isa = PBXFileReference; lastKnownFileType = sourcecode.swift; path = TransactionsController.swift; sourceTree = "<group>"; };
		2DBF8B472954544E00A2028C /* TransactionCell.swift */ = {isa = PBXFileReference; lastKnownFileType = sourcecode.swift; path = TransactionCell.swift; sourceTree = "<group>"; };
		2DD1F9BF2947616F00A40A10 /* CoinBliss.app */ = {isa = PBXFileReference; explicitFileType = wrapper.application; includeInIndex = 0; path = CoinBliss.app; sourceTree = BUILT_PRODUCTS_DIR; };
		2DD1F9C22947616F00A40A10 /* AppDelegate.swift */ = {isa = PBXFileReference; lastKnownFileType = sourcecode.swift; path = AppDelegate.swift; sourceTree = "<group>"; };
		2DD1F9C42947616F00A40A10 /* SceneDelegate.swift */ = {isa = PBXFileReference; lastKnownFileType = sourcecode.swift; path = SceneDelegate.swift; sourceTree = "<group>"; };
		2DD1F9C62947616F00A40A10 /* HomeViewController.swift */ = {isa = PBXFileReference; lastKnownFileType = sourcecode.swift; path = HomeViewController.swift; sourceTree = "<group>"; };
		2DD1F9CC2947616F00A40A10 /* CoinBliss.xcdatamodel */ = {isa = PBXFileReference; lastKnownFileType = wrapper.xcdatamodel; path = CoinBliss.xcdatamodel; sourceTree = "<group>"; };
		2DD1F9CE2947617000A40A10 /* Assets.xcassets */ = {isa = PBXFileReference; lastKnownFileType = folder.assetcatalog; path = Assets.xcassets; sourceTree = "<group>"; };
		2DD1F9D12947617000A40A10 /* Base */ = {isa = PBXFileReference; lastKnownFileType = file.storyboard; name = Base; path = Base.lproj/LaunchScreen.storyboard; sourceTree = "<group>"; };
		2DD1F9D32947617000A40A10 /* Info.plist */ = {isa = PBXFileReference; lastKnownFileType = text.plist.xml; path = Info.plist; sourceTree = "<group>"; };
		2DD861042959A1ED00582775 /* Transaction.swift */ = {isa = PBXFileReference; lastKnownFileType = sourcecode.swift; path = Transaction.swift; sourceTree = "<group>"; };
		2DD861062959B3C200582775 /* UIColor+Extension.swift */ = {isa = PBXFileReference; lastKnownFileType = sourcecode.swift; path = "UIColor+Extension.swift"; sourceTree = "<group>"; };
		2DD86108295B415500582775 /* Double+Extension.swift */ = {isa = PBXFileReference; lastKnownFileType = sourcecode.swift; path = "Double+Extension.swift"; sourceTree = "<group>"; };
/* End PBXFileReference section */

/* Begin PBXFrameworksBuildPhase section */
		2DD1F9BC2947616F00A40A10 /* Frameworks */ = {
			isa = PBXFrameworksBuildPhase;
			buildActionMask = 2147483647;
			files = (
			);
			runOnlyForDeploymentPostprocessing = 0;
		};
/* End PBXFrameworksBuildPhase section */

/* Begin PBXGroup section */
		2D2BAC4C2957FF8300749520 /* Helpers */ = {
			isa = PBXGroup;
			children = (
				2D2BAC4D2957FFA900749520 /* AutoInvalidatingLayout.swift */,
				2DD861062959B3C200582775 /* UIColor+Extension.swift */,
				2DD86108295B415500582775 /* Double+Extension.swift */,
			);
			path = Helpers;
			sourceTree = "<group>";
		};
		2DBE2D79294C7AC8003C115E /* Home */ = {
			isa = PBXGroup;
			children = (
				2DBE2D75294C7897003C115E /* HomeModel.swift */,
				2DBE2D77294C79E1003C115E /* HomeViewModel.swift */,
				2DD1F9C62947616F00A40A10 /* HomeViewController.swift */,
				2DBE2D7A294C7DF4003C115E /* HomeMockData.swift */,
				2DBF8B4329544FCD00A2028C /* TotalAmountSection */,
				2DBF8B40295429FD00A2028C /* TransactionsSection */,
				2DD860FD29587A0B00582775 /* Payment */,
				2DBF8B4429544FF400A2028C /* Category */,
				2DBF8B2D2951903100A2028C /* Resources */,
				2D2BAC4C2957FF8300749520 /* Helpers */,
			);
			path = Home;
			sourceTree = "<group>";
		};
		2DBF8B2D2951903100A2028C /* Resources */ = {
			isa = PBXGroup;
			children = (
				2DBF8B3629533CBB00A2028C /* Resources.swift */,
				2DBF8B3829533DAE00A2028C /* RawFiles */,
			);
			path = Resources;
			sourceTree = "<group>";
		};
		2DBF8B3829533DAE00A2028C /* RawFiles */ = {
			isa = PBXGroup;
			children = (
				2DBF8B2E2951903100A2028C /* Heebo-VariableFont_wght.ttf */,
			);
			path = RawFiles;
			sourceTree = "<group>";
		};
		2DBF8B40295429FD00A2028C /* TransactionsSection */ = {
			isa = PBXGroup;
			children = (
				2DBE2D7F294C8190003C115E /* MultiplyTransactionCell.swift */,
				2DBF8B452954531700A2028C /* TransactionsController.swift */,
				2DBF8B472954544E00A2028C /* TransactionCell.swift */,
				2DD861042959A1ED00582775 /* Transaction.swift */,
			);
			path = TransactionsSection;
			sourceTree = "<group>";
		};
		2DBF8B4329544FCD00A2028C /* TotalAmountSection */ = {
			isa = PBXGroup;
			children = (
				2DBF8B3A2953505F00A2028C /* TotalAmount.swift */,
				2DBE2D7D294C8172003C115E /* TotalAmountCell.swift */,
			);
			path = TotalAmountSection;
			sourceTree = "<group>";
		};
		2DBF8B4429544FF400A2028C /* Category */ = {
			isa = PBXGroup;
			children = (
				2DBF8B412954491000A2028C /* Category.swift */,
				2DBF8B3E295429E400A2028C /* CategoryStore.swift */,
			);
			path = Category;
			sourceTree = "<group>";
		};
		2DD1F9B62947616F00A40A10 = {
			isa = PBXGroup;
			children = (
				2DD1F9C12947616F00A40A10 /* CoinBliss */,
				2DD1F9C02947616F00A40A10 /* Products */,
			);
			sourceTree = "<group>";
		};
		2DD1F9C02947616F00A40A10 /* Products */ = {
			isa = PBXGroup;
			children = (
				2DD1F9BF2947616F00A40A10 /* CoinBliss.app */,
			);
			name = Products;
			sourceTree = "<group>";
		};
		2DD1F9C12947616F00A40A10 /* CoinBliss */ = {
			isa = PBXGroup;
			children = (
				2DD1F9C22947616F00A40A10 /* AppDelegate.swift */,
				2DD1F9C42947616F00A40A10 /* SceneDelegate.swift */,
				2DBE2D79294C7AC8003C115E /* Home */,
				2DD1F9CE2947617000A40A10 /* Assets.xcassets */,
				2DD1F9D02947617000A40A10 /* LaunchScreen.storyboard */,
				2DD1F9D32947617000A40A10 /* Info.plist */,
				2DD1F9CB2947616F00A40A10 /* CoinBliss.xcdatamodeld */,
			);
			path = CoinBliss;
			sourceTree = "<group>";
		};
		2DD860FD29587A0B00582775 /* Payment */ = {
			isa = PBXGroup;
			children = (
				2DBF8B3C2953508400A2028C /* Payment.swift */,
				2D2BAC4F2958786A00749520 /* PaymentStore.swift */,
			);
			path = Payment;
			sourceTree = "<group>";
		};
/* End PBXGroup section */

/* Begin PBXNativeTarget section */
		2DD1F9BE2947616F00A40A10 /* CoinBliss */ = {
			isa = PBXNativeTarget;
			buildConfigurationList = 2DD1F9D62947617000A40A10 /* Build configuration list for PBXNativeTarget "CoinBliss" */;
			buildPhases = (
				2DD1F9BB2947616F00A40A10 /* Sources */,
				2DD1F9BC2947616F00A40A10 /* Frameworks */,
				2DD1F9BD2947616F00A40A10 /* Resources */,
			);
			buildRules = (
			);
			dependencies = (
			);
			name = CoinBliss;
			productName = CoinBliss;
			productReference = 2DD1F9BF2947616F00A40A10 /* CoinBliss.app */;
			productType = "com.apple.product-type.application";
		};
/* End PBXNativeTarget section */

/* Begin PBXProject section */
		2DD1F9B72947616F00A40A10 /* Project object */ = {
			isa = PBXProject;
			attributes = {
				BuildIndependentTargetsInParallel = 1;
				LastSwiftUpdateCheck = 1410;
				LastUpgradeCheck = 1410;
				TargetAttributes = {
					2DD1F9BE2947616F00A40A10 = {
						CreatedOnToolsVersion = 14.1;
					};
				};
			};
			buildConfigurationList = 2DD1F9BA2947616F00A40A10 /* Build configuration list for PBXProject "CoinBliss" */;
			compatibilityVersion = "Xcode 14.0";
			developmentRegion = en;
			hasScannedForEncodings = 0;
			knownRegions = (
				en,
				Base,
			);
			mainGroup = 2DD1F9B62947616F00A40A10;
			productRefGroup = 2DD1F9C02947616F00A40A10 /* Products */;
			projectDirPath = "";
			projectRoot = "";
			targets = (
				2DD1F9BE2947616F00A40A10 /* CoinBliss */,
			);
		};
/* End PBXProject section */

/* Begin PBXResourcesBuildPhase section */
		2DD1F9BD2947616F00A40A10 /* Resources */ = {
			isa = PBXResourcesBuildPhase;
			buildActionMask = 2147483647;
			files = (
				2DD1F9D22947617000A40A10 /* LaunchScreen.storyboard in Resources */,
				2DD1F9CF2947617000A40A10 /* Assets.xcassets in Resources */,
				2DBF8B2F2951905D00A2028C /* Heebo-VariableFont_wght.ttf in Resources */,
			);
			runOnlyForDeploymentPostprocessing = 0;
		};
/* End PBXResourcesBuildPhase section */

/* Begin PBXSourcesBuildPhase section */
		2DD1F9BB2947616F00A40A10 /* Sources */ = {
			isa = PBXSourcesBuildPhase;
			buildActionMask = 2147483647;
			files = (
				2DBF8B3B2953505F00A2028C /* TotalAmount.swift in Sources */,
				2DBE2D7E294C8172003C115E /* TotalAmountCell.swift in Sources */,
				2DD86109295B415500582775 /* Double+Extension.swift in Sources */,
				2DBF8B482954544E00A2028C /* TransactionCell.swift in Sources */,
				2DBE2D76294C7897003C115E /* HomeModel.swift in Sources */,
				2DBE2D78294C79E1003C115E /* HomeViewModel.swift in Sources */,
				2D2BAC502958786A00749520 /* PaymentStore.swift in Sources */,
				2DBF8B462954531700A2028C /* TransactionsController.swift in Sources */,
				2DD1F9CD2947616F00A40A10 /* CoinBliss.xcdatamodeld in Sources */,
				2DBF8B3D2953508400A2028C /* Payment.swift in Sources */,
				2DD861072959B3C200582775 /* UIColor+Extension.swift in Sources */,
				2D2BAC4E2957FFA900749520 /* AutoInvalidatingLayout.swift in Sources */,
				2DBF8B3729533CBB00A2028C /* Resources.swift in Sources */,
				2DBF8B3F295429E400A2028C /* CategoryStore.swift in Sources */,
				2DD1F9C72947616F00A40A10 /* HomeViewController.swift in Sources */,
				2DBE2D80294C8190003C115E /* MultiplyTransactionCell.swift in Sources */,
				2DD1F9C32947616F00A40A10 /* AppDelegate.swift in Sources */,
				2DBF8B422954491000A2028C /* Category.swift in Sources */,
				2DD861052959A1ED00582775 /* Transaction.swift in Sources */,
				2DBE2D7B294C7DF4003C115E /* HomeMockData.swift in Sources */,
				2DD1F9C52947616F00A40A10 /* SceneDelegate.swift in Sources */,
			);
			runOnlyForDeploymentPostprocessing = 0;
		};
/* End PBXSourcesBuildPhase section */

/* Begin PBXVariantGroup section */
		2DD1F9D02947617000A40A10 /* LaunchScreen.storyboard */ = {
			isa = PBXVariantGroup;
			children = (
				2DD1F9D12947617000A40A10 /* Base */,
			);
			name = LaunchScreen.storyboard;
			sourceTree = "<group>";
		};
/* End PBXVariantGroup section */

/* Begin XCBuildConfiguration section */
		2DD1F9D42947617000A40A10 /* Debug */ = {
			isa = XCBuildConfiguration;
			buildSettings = {
				ALWAYS_SEARCH_USER_PATHS = NO;
				CLANG_ANALYZER_NONNULL = YES;
				CLANG_ANALYZER_NUMBER_OBJECT_CONVERSION = YES_AGGRESSIVE;
				CLANG_CXX_LANGUAGE_STANDARD = "gnu++20";
				CLANG_ENABLE_MODULES = YES;
				CLANG_ENABLE_OBJC_ARC = YES;
				CLANG_ENABLE_OBJC_WEAK = YES;
				CLANG_WARN_BLOCK_CAPTURE_AUTORELEASING = YES;
				CLANG_WARN_BOOL_CONVERSION = YES;
				CLANG_WARN_COMMA = YES;
				CLANG_WARN_CONSTANT_CONVERSION = YES;
				CLANG_WARN_DEPRECATED_OBJC_IMPLEMENTATIONS = YES;
				CLANG_WARN_DIRECT_OBJC_ISA_USAGE = YES_ERROR;
				CLANG_WARN_DOCUMENTATION_COMMENTS = YES;
				CLANG_WARN_EMPTY_BODY = YES;
				CLANG_WARN_ENUM_CONVERSION = YES;
				CLANG_WARN_INFINITE_RECURSION = YES;
				CLANG_WARN_INT_CONVERSION = YES;
				CLANG_WARN_NON_LITERAL_NULL_CONVERSION = YES;
				CLANG_WARN_OBJC_IMPLICIT_RETAIN_SELF = YES;
				CLANG_WARN_OBJC_LITERAL_CONVERSION = YES;
				CLANG_WARN_OBJC_ROOT_CLASS = YES_ERROR;
				CLANG_WARN_QUOTED_INCLUDE_IN_FRAMEWORK_HEADER = YES;
				CLANG_WARN_RANGE_LOOP_ANALYSIS = YES;
				CLANG_WARN_STRICT_PROTOTYPES = YES;
				CLANG_WARN_SUSPICIOUS_MOVE = YES;
				CLANG_WARN_UNGUARDED_AVAILABILITY = YES_AGGRESSIVE;
				CLANG_WARN_UNREACHABLE_CODE = YES;
				CLANG_WARN__DUPLICATE_METHOD_MATCH = YES;
				COPY_PHASE_STRIP = NO;
				DEBUG_INFORMATION_FORMAT = dwarf;
				ENABLE_STRICT_OBJC_MSGSEND = YES;
				ENABLE_TESTABILITY = YES;
				GCC_C_LANGUAGE_STANDARD = gnu11;
				GCC_DYNAMIC_NO_PIC = NO;
				GCC_NO_COMMON_BLOCKS = YES;
				GCC_OPTIMIZATION_LEVEL = 0;
				GCC_PREPROCESSOR_DEFINITIONS = (
					"DEBUG=1",
					"$(inherited)",
				);
				GCC_WARN_64_TO_32_BIT_CONVERSION = YES;
				GCC_WARN_ABOUT_RETURN_TYPE = YES_ERROR;
				GCC_WARN_UNDECLARED_SELECTOR = YES;
				GCC_WARN_UNINITIALIZED_AUTOS = YES_AGGRESSIVE;
				GCC_WARN_UNUSED_FUNCTION = YES;
				GCC_WARN_UNUSED_VARIABLE = YES;
				IPHONEOS_DEPLOYMENT_TARGET = 16.1;
				MTL_ENABLE_DEBUG_INFO = INCLUDE_SOURCE;
				MTL_FAST_MATH = YES;
				ONLY_ACTIVE_ARCH = YES;
				SDKROOT = iphoneos;
				SWIFT_ACTIVE_COMPILATION_CONDITIONS = DEBUG;
				SWIFT_OPTIMIZATION_LEVEL = "-Onone";
			};
			name = Debug;
		};
		2DD1F9D52947617000A40A10 /* Release */ = {
			isa = XCBuildConfiguration;
			buildSettings = {
				ALWAYS_SEARCH_USER_PATHS = NO;
				CLANG_ANALYZER_NONNULL = YES;
				CLANG_ANALYZER_NUMBER_OBJECT_CONVERSION = YES_AGGRESSIVE;
				CLANG_CXX_LANGUAGE_STANDARD = "gnu++20";
				CLANG_ENABLE_MODULES = YES;
				CLANG_ENABLE_OBJC_ARC = YES;
				CLANG_ENABLE_OBJC_WEAK = YES;
				CLANG_WARN_BLOCK_CAPTURE_AUTORELEASING = YES;
				CLANG_WARN_BOOL_CONVERSION = YES;
				CLANG_WARN_COMMA = YES;
				CLANG_WARN_CONSTANT_CONVERSION = YES;
				CLANG_WARN_DEPRECATED_OBJC_IMPLEMENTATIONS = YES;
				CLANG_WARN_DIRECT_OBJC_ISA_USAGE = YES_ERROR;
				CLANG_WARN_DOCUMENTATION_COMMENTS = YES;
				CLANG_WARN_EMPTY_BODY = YES;
				CLANG_WARN_ENUM_CONVERSION = YES;
				CLANG_WARN_INFINITE_RECURSION = YES;
				CLANG_WARN_INT_CONVERSION = YES;
				CLANG_WARN_NON_LITERAL_NULL_CONVERSION = YES;
				CLANG_WARN_OBJC_IMPLICIT_RETAIN_SELF = YES;
				CLANG_WARN_OBJC_LITERAL_CONVERSION = YES;
				CLANG_WARN_OBJC_ROOT_CLASS = YES_ERROR;
				CLANG_WARN_QUOTED_INCLUDE_IN_FRAMEWORK_HEADER = YES;
				CLANG_WARN_RANGE_LOOP_ANALYSIS = YES;
				CLANG_WARN_STRICT_PROTOTYPES = YES;
				CLANG_WARN_SUSPICIOUS_MOVE = YES;
				CLANG_WARN_UNGUARDED_AVAILABILITY = YES_AGGRESSIVE;
				CLANG_WARN_UNREACHABLE_CODE = YES;
				CLANG_WARN__DUPLICATE_METHOD_MATCH = YES;
				COPY_PHASE_STRIP = NO;
				DEBUG_INFORMATION_FORMAT = "dwarf-with-dsym";
				ENABLE_NS_ASSERTIONS = NO;
				ENABLE_STRICT_OBJC_MSGSEND = YES;
				GCC_C_LANGUAGE_STANDARD = gnu11;
				GCC_NO_COMMON_BLOCKS = YES;
				GCC_WARN_64_TO_32_BIT_CONVERSION = YES;
				GCC_WARN_ABOUT_RETURN_TYPE = YES_ERROR;
				GCC_WARN_UNDECLARED_SELECTOR = YES;
				GCC_WARN_UNINITIALIZED_AUTOS = YES_AGGRESSIVE;
				GCC_WARN_UNUSED_FUNCTION = YES;
				GCC_WARN_UNUSED_VARIABLE = YES;
				IPHONEOS_DEPLOYMENT_TARGET = 16.1;
				MTL_ENABLE_DEBUG_INFO = NO;
				MTL_FAST_MATH = YES;
				SDKROOT = iphoneos;
				SWIFT_COMPILATION_MODE = wholemodule;
				SWIFT_OPTIMIZATION_LEVEL = "-O";
				VALIDATE_PRODUCT = YES;
			};
			name = Release;
		};
		2DD1F9D72947617000A40A10 /* Debug */ = {
			isa = XCBuildConfiguration;
			buildSettings = {
				ASSETCATALOG_COMPILER_APPICON_NAME = AppIcon;
				ASSETCATALOG_COMPILER_GLOBAL_ACCENT_COLOR_NAME = AccentColor;
				CODE_SIGN_STYLE = Automatic;
				CURRENT_PROJECT_VERSION = 1;
				DEVELOPMENT_TEAM = GKZ7DJWHAN;
				GENERATE_INFOPLIST_FILE = YES;
				INFOPLIST_FILE = CoinBliss/Info.plist;
				INFOPLIST_KEY_UIApplicationSupportsIndirectInputEvents = YES;
				INFOPLIST_KEY_UILaunchStoryboardName = LaunchScreen;
				INFOPLIST_KEY_UISupportedInterfaceOrientations = UIInterfaceOrientationPortrait;
				INFOPLIST_KEY_UISupportedInterfaceOrientations_iPad = "UIInterfaceOrientationLandscapeLeft UIInterfaceOrientationLandscapeRight UIInterfaceOrientationPortrait UIInterfaceOrientationPortraitUpsideDown";
				LD_RUNPATH_SEARCH_PATHS = (
					"$(inherited)",
					"@executable_path/Frameworks",
				);
				MARKETING_VERSION = 1.0;
				PRODUCT_BUNDLE_IDENTIFIER = F1xTeoNtTsS.CoinBliss;
				PRODUCT_NAME = "$(TARGET_NAME)";
				SUPPORTED_PLATFORMS = "iphoneos iphonesimulator";
				SUPPORTS_MACCATALYST = NO;
				SUPPORTS_MAC_DESIGNED_FOR_IPHONE_IPAD = NO;
				SWIFT_EMIT_LOC_STRINGS = YES;
				SWIFT_VERSION = 5.0;
				TARGETED_DEVICE_FAMILY = 1;
			};
			name = Debug;
		};
		2DD1F9D82947617000A40A10 /* Release */ = {
			isa = XCBuildConfiguration;
			buildSettings = {
				ASSETCATALOG_COMPILER_APPICON_NAME = AppIcon;
				ASSETCATALOG_COMPILER_GLOBAL_ACCENT_COLOR_NAME = AccentColor;
				CODE_SIGN_STYLE = Automatic;
				CURRENT_PROJECT_VERSION = 1;
				DEVELOPMENT_TEAM = GKZ7DJWHAN;
				GENERATE_INFOPLIST_FILE = YES;
				INFOPLIST_FILE = CoinBliss/Info.plist;
				INFOPLIST_KEY_UIApplicationSupportsIndirectInputEvents = YES;
				INFOPLIST_KEY_UILaunchStoryboardName = LaunchScreen;
				INFOPLIST_KEY_UISupportedInterfaceOrientations = UIInterfaceOrientationPortrait;
				INFOPLIST_KEY_UISupportedInterfaceOrientations_iPad = "UIInterfaceOrientationLandscapeLeft UIInterfaceOrientationLandscapeRight UIInterfaceOrientationPortrait UIInterfaceOrientationPortraitUpsideDown";
				LD_RUNPATH_SEARCH_PATHS = (
					"$(inherited)",
					"@executable_path/Frameworks",
				);
				MARKETING_VERSION = 1.0;
				PRODUCT_BUNDLE_IDENTIFIER = F1xTeoNtTsS.CoinBliss;
				PRODUCT_NAME = "$(TARGET_NAME)";
				SUPPORTED_PLATFORMS = "iphoneos iphonesimulator";
				SUPPORTS_MACCATALYST = NO;
				SUPPORTS_MAC_DESIGNED_FOR_IPHONE_IPAD = NO;
				SWIFT_EMIT_LOC_STRINGS = YES;
				SWIFT_VERSION = 5.0;
				TARGETED_DEVICE_FAMILY = 1;
			};
			name = Release;
		};
/* End XCBuildConfiguration section */

/* Begin XCConfigurationList section */
		2DD1F9BA2947616F00A40A10 /* Build configuration list for PBXProject "CoinBliss" */ = {
			isa = XCConfigurationList;
			buildConfigurations = (
				2DD1F9D42947617000A40A10 /* Debug */,
				2DD1F9D52947617000A40A10 /* Release */,
			);
			defaultConfigurationIsVisible = 0;
			defaultConfigurationName = Release;
		};
		2DD1F9D62947617000A40A10 /* Build configuration list for PBXNativeTarget "CoinBliss" */ = {
			isa = XCConfigurationList;
			buildConfigurations = (
				2DD1F9D72947617000A40A10 /* Debug */,
				2DD1F9D82947617000A40A10 /* Release */,
			);
			defaultConfigurationIsVisible = 0;
			defaultConfigurationName = Release;
		};
/* End XCConfigurationList section */

/* Begin XCVersionGroup section */
		2DD1F9CB2947616F00A40A10 /* CoinBliss.xcdatamodeld */ = {
			isa = XCVersionGroup;
			children = (
				2DD1F9CC2947616F00A40A10 /* CoinBliss.xcdatamodel */,
			);
			currentVersion = 2DD1F9CC2947616F00A40A10 /* CoinBliss.xcdatamodel */;
			path = CoinBliss.xcdatamodeld;
			sourceTree = "<group>";
			versionGroupType = wrapper.xcdatamodel;
		};
/* End XCVersionGroup section */
	};
	rootObject = 2DD1F9B72947616F00A40A10 /* Project object */;
}
